
Microsoft Visual Studio Solution File, Format Version 12.00
# Visual Studio Version 17
VisualStudioVersion = 17.10.34928.147
MinimumVisualStudioVersion = 10.0.40219.1
Project("{9A19103F-16F7-4668-BE54-9A1E7A4F7556}") = "LiteGraph", "LiteGraph\LiteGraph.csproj", "{530AA793-5D92-401D-BF77-4C5199E7C1A8}"
EndProject
Project("{9A19103F-16F7-4668-BE54-9A1E7A4F7556}") = "Test", "Test\Test.csproj", "{F30D39C7-B0F1-4FB4-831F-52D49616EACC}"
EndProject
Project("{9A19103F-16F7-4668-BE54-9A1E7A4F7556}") = "LiteGraph.Server", "LiteGraph.Server\LiteGraph.Server.csproj", "{5DAF0F2C-6C68-4DF5-A901-62BFD44FC55A}"
EndProject
Project("{FAE04EC0-301F-11D3-BF4B-00C04F79EFBC}") = "LiteGraph.Sdk", "LiteGraph.Sdk\LiteGraph.Sdk.csproj", "{3C25FD6B-95FD-405A-A2C4-0A566FDB91F4}"
EndProject
Project("{FAE04EC0-301F-11D3-BF4B-00C04F79EFBC}") = "Test.Sdk", "Test.Sdk\Test.Sdk.csproj", "{A46702E2-8570-455E-8075-A5BC66D42871}"
EndProject
Global
	GlobalSection(SolutionConfigurationPlatforms) = preSolution
		Debug|Any CPU = Debug|Any CPU
		Release|Any CPU = Release|Any CPU
	EndGlobalSection
	GlobalSection(ProjectConfigurationPlatforms) = postSolution
		{530AA793-5D92-401D-BF77-4C5199E7C1A8}.Debug|Any CPU.ActiveCfg = Debug|Any CPU
		{530AA793-5D92-401D-BF77-4C5199E7C1A8}.Debug|Any CPU.Build.0 = Debug|Any CPU
		{530AA793-5D92-401D-BF77-4C5199E7C1A8}.Release|Any CPU.ActiveCfg = Release|Any CPU
		{530AA793-5D92-401D-BF77-4C5199E7C1A8}.Release|Any CPU.Build.0 = Release|Any CPU
		{F30D39C7-B0F1-4FB4-831F-52D49616EACC}.Debug|Any CPU.ActiveCfg = Debug|Any CPU
		{F30D39C7-B0F1-4FB4-831F-52D49616EACC}.Debug|Any CPU.Build.0 = Debug|Any CPU
		{F30D39C7-B0F1-4FB4-831F-52D49616EACC}.Release|Any CPU.ActiveCfg = Release|Any CPU
		{F30D39C7-B0F1-4FB4-831F-52D49616EACC}.Release|Any CPU.Build.0 = Release|Any CPU
		{5DAF0F2C-6C68-4DF5-A901-62BFD44FC55A}.Debug|Any CPU.ActiveCfg = Debug|Any CPU
		{5DAF0F2C-6C68-4DF5-A901-62BFD44FC55A}.Debug|Any CPU.Build.0 = Debug|Any CPU
		{5DAF0F2C-6C68-4DF5-A901-62BFD44FC55A}.Release|Any CPU.ActiveCfg = Release|Any CPU
		{5DAF0F2C-6C68-4DF5-A901-62BFD44FC55A}.Release|Any CPU.Build.0 = Release|Any CPU
		{3C25FD6B-95FD-405A-A2C4-0A566FDB91F4}.Debug|Any CPU.ActiveCfg = Debug|Any CPU
		{3C25FD6B-95FD-405A-A2C4-0A566FDB91F4}.Debug|Any CPU.Build.0 = Debug|Any CPU
		{3C25FD6B-95FD-405A-A2C4-0A566FDB91F4}.Release|Any CPU.ActiveCfg = Release|Any CPU
		{3C25FD6B-95FD-405A-A2C4-0A566FDB91F4}.Release|Any CPU.Build.0 = Release|Any CPU
		{A46702E2-8570-455E-8075-A5BC66D42871}.Debug|Any CPU.ActiveCfg = Debug|Any CPU
		{A46702E2-8570-455E-8075-A5BC66D42871}.Debug|Any CPU.Build.0 = Debug|Any CPU
		{A46702E2-8570-455E-8075-A5BC66D42871}.Release|Any CPU.ActiveCfg = Release|Any CPU
		{A46702E2-8570-455E-8075-A5BC66D42871}.Release|Any CPU.Build.0 = Release|Any CPU
	EndGlobalSection
	GlobalSection(SolutionProperties) = preSolution
		HideSolutionNode = FALSE
	EndGlobalSection
	GlobalSection(ExtensibilityGlobals) = postSolution
		SolutionGuid = {67C5ECF8-D65A-4D16-BAC6-EAE63450A728}
	EndGlobalSection
EndGlobal
